// !$*UTF8*$!
{
	archiveVersion = 1;
	classes = {
	};
	objectVersion = 56;
	objects = {

/* Begin PBXBuildFile section */
		9544427F2A12247A002D9C3C /* PokedexApp.swift in Sources */ = {isa = PBXBuildFile; fileRef = 9544427E2A12247A002D9C3C /* PokedexApp.swift */; };
		954442832A12247B002D9C3C /* Assets.xcassets in Resources */ = {isa = PBXBuildFile; fileRef = 954442822A12247B002D9C3C /* Assets.xcassets */; };
		954442862A12247B002D9C3C /* Preview Assets.xcassets in Resources */ = {isa = PBXBuildFile; fileRef = 954442852A12247B002D9C3C /* Preview Assets.xcassets */; };
		954442902A12247B002D9C3C /* PokedexTests.swift in Sources */ = {isa = PBXBuildFile; fileRef = 9544428F2A12247B002D9C3C /* PokedexTests.swift */; };
		9544429A2A12247B002D9C3C /* PokedexUITests.swift in Sources */ = {isa = PBXBuildFile; fileRef = 954442992A12247B002D9C3C /* PokedexUITests.swift */; };
		9544429C2A12247B002D9C3C /* PokedexUITestsLaunchTests.swift in Sources */ = {isa = PBXBuildFile; fileRef = 9544429B2A12247B002D9C3C /* PokedexUITestsLaunchTests.swift */; };
		95AEE3ED2A122B6200BE1A17 /* RandomPokemonView.swift in Sources */ = {isa = PBXBuildFile; fileRef = 95AEE3EC2A122B6200BE1A17 /* RandomPokemonView.swift */; };
		95AEE3F02A122B7A00BE1A17 /* PokemonAPI in Frameworks */ = {isa = PBXBuildFile; productRef = 95AEE3EF2A122B7A00BE1A17 /* PokemonAPI */; };
		95AEE3F32A122BED00BE1A17 /* RandomPokemonViewModel.swift in Sources */ = {isa = PBXBuildFile; fileRef = 95AEE3F22A122BED00BE1A17 /* RandomPokemonViewModel.swift */; };
		95AEE3F52A122C9500BE1A17 /* PreviewData.swift in Sources */ = {isa = PBXBuildFile; fileRef = 95AEE3F42A122C9500BE1A17 /* PreviewData.swift */; };
		95AEE3F82A122CE200BE1A17 /* Bundle-JSON.swift in Sources */ = {isa = PBXBuildFile; fileRef = 95AEE3F72A122CE200BE1A17 /* Bundle-JSON.swift */; };
		95AEE3FA2A122D0E00BE1A17 /* pokemon607.json in Resources */ = {isa = PBXBuildFile; fileRef = 95AEE3F92A122D0E00BE1A17 /* pokemon607.json */; };
		95AEE3FC2A122E8000BE1A17 /* EvolutionChainView.swift in Sources */ = {isa = PBXBuildFile; fileRef = 95AEE3FB2A122E8000BE1A17 /* EvolutionChainView.swift */; };
		95AEE3FE2A122EB500BE1A17 /* EvolutionChainViewModel.swift in Sources */ = {isa = PBXBuildFile; fileRef = 95AEE3FD2A122EB500BE1A17 /* EvolutionChainViewModel.swift */; };
		95AEE4002A123A3F00BE1A17 /* URL-ID.swift in Sources */ = {isa = PBXBuildFile; fileRef = 95AEE3FF2A123A3F00BE1A17 /* URL-ID.swift */; };
		95AEE4022A123B5D00BE1A17 /* EvolutionChainLinkViewModel.swift in Sources */ = {isa = PBXBuildFile; fileRef = 95AEE4012A123B5D00BE1A17 /* EvolutionChainLinkViewModel.swift */; };
		95AEE4042A124BC800BE1A17 /* evolution_chain308.json in Resources */ = {isa = PBXBuildFile; fileRef = 95AEE4032A124BC800BE1A17 /* evolution_chain308.json */; };
		95AEE4062A124F4100BE1A17 /* EvolutionChainLinkView.swift in Sources */ = {isa = PBXBuildFile; fileRef = 95AEE4052A124F4100BE1A17 /* EvolutionChainLinkView.swift */; };
/* End PBXBuildFile section */

/* Begin PBXContainerItemProxy section */
		9544428C2A12247B002D9C3C /* PBXContainerItemProxy */ = {
			isa = PBXContainerItemProxy;
			containerPortal = 954442732A12247A002D9C3C /* Project object */;
			proxyType = 1;
			remoteGlobalIDString = 9544427A2A12247A002D9C3C;
			remoteInfo = Pokedex;
		};
		954442962A12247B002D9C3C /* PBXContainerItemProxy */ = {
			isa = PBXContainerItemProxy;
			containerPortal = 954442732A12247A002D9C3C /* Project object */;
			proxyType = 1;
			remoteGlobalIDString = 9544427A2A12247A002D9C3C;
			remoteInfo = Pokedex;
		};
/* End PBXContainerItemProxy section */

/* Begin PBXFileReference section */
		9544427B2A12247A002D9C3C /* Pokedex.app */ = {isa = PBXFileReference; explicitFileType = wrapper.application; includeInIndex = 0; path = Pokedex.app; sourceTree = BUILT_PRODUCTS_DIR; };
		9544427E2A12247A002D9C3C /* PokedexApp.swift */ = {isa = PBXFileReference; lastKnownFileType = sourcecode.swift; path = PokedexApp.swift; sourceTree = "<group>"; };
		954442822A12247B002D9C3C /* Assets.xcassets */ = {isa = PBXFileReference; lastKnownFileType = folder.assetcatalog; path = Assets.xcassets; sourceTree = "<group>"; };
		954442852A12247B002D9C3C /* Preview Assets.xcassets */ = {isa = PBXFileReference; lastKnownFileType = folder.assetcatalog; path = "Preview Assets.xcassets"; sourceTree = "<group>"; };
		9544428B2A12247B002D9C3C /* PokedexTests.xctest */ = {isa = PBXFileReference; explicitFileType = wrapper.cfbundle; includeInIndex = 0; path = PokedexTests.xctest; sourceTree = BUILT_PRODUCTS_DIR; };
		9544428F2A12247B002D9C3C /* PokedexTests.swift */ = {isa = PBXFileReference; lastKnownFileType = sourcecode.swift; path = PokedexTests.swift; sourceTree = "<group>"; };
		954442952A12247B002D9C3C /* PokedexUITests.xctest */ = {isa = PBXFileReference; explicitFileType = wrapper.cfbundle; includeInIndex = 0; path = PokedexUITests.xctest; sourceTree = BUILT_PRODUCTS_DIR; };
		954442992A12247B002D9C3C /* PokedexUITests.swift */ = {isa = PBXFileReference; lastKnownFileType = sourcecode.swift; path = PokedexUITests.swift; sourceTree = "<group>"; };
		9544429B2A12247B002D9C3C /* PokedexUITestsLaunchTests.swift */ = {isa = PBXFileReference; lastKnownFileType = sourcecode.swift; path = PokedexUITestsLaunchTests.swift; sourceTree = "<group>"; };
		95AEE3EC2A122B6200BE1A17 /* RandomPokemonView.swift */ = {isa = PBXFileReference; lastKnownFileType = sourcecode.swift; path = RandomPokemonView.swift; sourceTree = "<group>"; };
		95AEE3F22A122BED00BE1A17 /* RandomPokemonViewModel.swift */ = {isa = PBXFileReference; lastKnownFileType = sourcecode.swift; path = RandomPokemonViewModel.swift; sourceTree = "<group>"; };
		95AEE3F42A122C9500BE1A17 /* PreviewData.swift */ = {isa = PBXFileReference; lastKnownFileType = sourcecode.swift; path = PreviewData.swift; sourceTree = "<group>"; };
		95AEE3F72A122CE200BE1A17 /* Bundle-JSON.swift */ = {isa = PBXFileReference; lastKnownFileType = sourcecode.swift; path = "Bundle-JSON.swift"; sourceTree = "<group>"; };
		95AEE3F92A122D0E00BE1A17 /* pokemon607.json */ = {isa = PBXFileReference; fileEncoding = 4; lastKnownFileType = text.json; path = pokemon607.json; sourceTree = "<group>"; };
		95AEE3FB2A122E8000BE1A17 /* EvolutionChainView.swift */ = {isa = PBXFileReference; lastKnownFileType = sourcecode.swift; path = EvolutionChainView.swift; sourceTree = "<group>"; };
		95AEE3FD2A122EB500BE1A17 /* EvolutionChainViewModel.swift */ = {isa = PBXFileReference; lastKnownFileType = sourcecode.swift; path = EvolutionChainViewModel.swift; sourceTree = "<group>"; };
		95AEE3FF2A123A3F00BE1A17 /* URL-ID.swift */ = {isa = PBXFileReference; lastKnownFileType = sourcecode.swift; path = "URL-ID.swift"; sourceTree = "<group>"; };
		95AEE4012A123B5D00BE1A17 /* EvolutionChainLinkViewModel.swift */ = {isa = PBXFileReference; lastKnownFileType = sourcecode.swift; path = EvolutionChainLinkViewModel.swift; sourceTree = "<group>"; };
		95AEE4032A124BC800BE1A17 /* evolution_chain308.json */ = {isa = PBXFileReference; fileEncoding = 4; lastKnownFileType = text.json; path = evolution_chain308.json; sourceTree = "<group>"; };
		95AEE4052A124F4100BE1A17 /* EvolutionChainLinkView.swift */ = {isa = PBXFileReference; lastKnownFileType = sourcecode.swift; path = EvolutionChainLinkView.swift; sourceTree = "<group>"; };
/* End PBXFileReference section */

/* Begin PBXFrameworksBuildPhase section */
		954442782A12247A002D9C3C /* Frameworks */ = {
			isa = PBXFrameworksBuildPhase;
			buildActionMask = 2147483647;
			files = (
				95AEE3F02A122B7A00BE1A17 /* PokemonAPI in Frameworks */,
			);
			runOnlyForDeploymentPostprocessing = 0;
		};
		954442882A12247B002D9C3C /* Frameworks */ = {
			isa = PBXFrameworksBuildPhase;
			buildActionMask = 2147483647;
			files = (
			);
			runOnlyForDeploymentPostprocessing = 0;
		};
		954442922A12247B002D9C3C /* Frameworks */ = {
			isa = PBXFrameworksBuildPhase;
			buildActionMask = 2147483647;
			files = (
			);
			runOnlyForDeploymentPostprocessing = 0;
		};
/* End PBXFrameworksBuildPhase section */

/* Begin PBXGroup section */
		954442722A12247A002D9C3C = {
			isa = PBXGroup;
			children = (
				9544427D2A12247A002D9C3C /* Pokedex */,
				954442822A12247B002D9C3C /* Assets.xcassets */,
				9544428E2A12247B002D9C3C /* PokedexTests */,
				954442982A12247B002D9C3C /* PokedexUITests */,
				9544427C2A12247A002D9C3C /* Products */,
			);
			sourceTree = "<group>";
		};
		9544427C2A12247A002D9C3C /* Products */ = {
			isa = PBXGroup;
			children = (
				9544427B2A12247A002D9C3C /* Pokedex.app */,
				9544428B2A12247B002D9C3C /* PokedexTests.xctest */,
				954442952A12247B002D9C3C /* PokedexUITests.xctest */,
			);
			name = Products;
			sourceTree = "<group>";
		};
		9544427D2A12247A002D9C3C /* Pokedex */ = {
			isa = PBXGroup;
			children = (
				9544427E2A12247A002D9C3C /* PokedexApp.swift */,
				95AEE3F12A122BC900BE1A17 /* ViewModels */,
				95AEE3EB2A122B4300BE1A17 /* Views */,
				95AEE3F62A122CB400BE1A17 /* Extensions */,
				954442842A12247B002D9C3C /* Preview Content */,
			);
			path = Pokedex;
			sourceTree = "<group>";
		};
		954442842A12247B002D9C3C /* Preview Content */ = {
			isa = PBXGroup;
			children = (
				954442852A12247B002D9C3C /* Preview Assets.xcassets */,
				95AEE3F42A122C9500BE1A17 /* PreviewData.swift */,
				95AEE3F92A122D0E00BE1A17 /* pokemon607.json */,
				95AEE4032A124BC800BE1A17 /* evolution_chain308.json */,
			);
			path = "Preview Content";
			sourceTree = "<group>";
		};
		9544428E2A12247B002D9C3C /* PokedexTests */ = {
			isa = PBXGroup;
			children = (
				9544428F2A12247B002D9C3C /* PokedexTests.swift */,
			);
			path = PokedexTests;
			sourceTree = "<group>";
		};
		954442982A12247B002D9C3C /* PokedexUITests */ = {
			isa = PBXGroup;
			children = (
				954442992A12247B002D9C3C /* PokedexUITests.swift */,
				9544429B2A12247B002D9C3C /* PokedexUITestsLaunchTests.swift */,
			);
			path = PokedexUITests;
			sourceTree = "<group>";
		};
		95AEE3EB2A122B4300BE1A17 /* Views */ = {
			isa = PBXGroup;
			children = (
				95AEE3FB2A122E8000BE1A17 /* EvolutionChainView.swift */,
				95AEE4052A124F4100BE1A17 /* EvolutionChainLinkView.swift */,
				95AEE3EC2A122B6200BE1A17 /* RandomPokemonView.swift */,
			);
			path = Views;
			sourceTree = "<group>";
		};
		95AEE3F12A122BC900BE1A17 /* ViewModels */ = {
			isa = PBXGroup;
			children = (
				95AEE3F22A122BED00BE1A17 /* RandomPokemonViewModel.swift */,
				95AEE3FD2A122EB500BE1A17 /* EvolutionChainViewModel.swift */,
				95AEE4012A123B5D00BE1A17 /* EvolutionChainLinkViewModel.swift */,
			);
			path = ViewModels;
			sourceTree = "<group>";
		};
		95AEE3F62A122CB400BE1A17 /* Extensions */ = {
			isa = PBXGroup;
			children = (
				95AEE3F72A122CE200BE1A17 /* Bundle-JSON.swift */,
				95AEE3FF2A123A3F00BE1A17 /* URL-ID.swift */,
			);
			path = Extensions;
			sourceTree = "<group>";
		};
/* End PBXGroup section */

/* Begin PBXNativeTarget section */
		9544427A2A12247A002D9C3C /* Pokedex */ = {
			isa = PBXNativeTarget;
			buildConfigurationList = 9544429F2A12247B002D9C3C /* Build configuration list for PBXNativeTarget "Pokedex" */;
			buildPhases = (
				954442772A12247A002D9C3C /* Sources */,
				954442782A12247A002D9C3C /* Frameworks */,
				954442792A12247A002D9C3C /* Resources */,
			);
			buildRules = (
			);
			dependencies = (
			);
			name = Pokedex;
			packageProductDependencies = (
				95AEE3EF2A122B7A00BE1A17 /* PokemonAPI */,
			);
			productName = Pokedex;
			productReference = 9544427B2A12247A002D9C3C /* Pokedex.app */;
			productType = "com.apple.product-type.application";
		};
		9544428A2A12247B002D9C3C /* PokedexTests */ = {
			isa = PBXNativeTarget;
			buildConfigurationList = 954442A22A12247B002D9C3C /* Build configuration list for PBXNativeTarget "PokedexTests" */;
			buildPhases = (
				954442872A12247B002D9C3C /* Sources */,
				954442882A12247B002D9C3C /* Frameworks */,
				954442892A12247B002D9C3C /* Resources */,
			);
			buildRules = (
			);
			dependencies = (
				9544428D2A12247B002D9C3C /* PBXTargetDependency */,
			);
			name = PokedexTests;
			productName = PokedexTests;
			productReference = 9544428B2A12247B002D9C3C /* PokedexTests.xctest */;
			productType = "com.apple.product-type.bundle.unit-test";
		};
		954442942A12247B002D9C3C /* PokedexUITests */ = {
			isa = PBXNativeTarget;
			buildConfigurationList = 954442A52A12247B002D9C3C /* Build configuration list for PBXNativeTarget "PokedexUITests" */;
			buildPhases = (
				954442912A12247B002D9C3C /* Sources */,
				954442922A12247B002D9C3C /* Frameworks */,
				954442932A12247B002D9C3C /* Resources */,
			);
			buildRules = (
			);
			dependencies = (
				954442972A12247B002D9C3C /* PBXTargetDependency */,
			);
			name = PokedexUITests;
			productName = PokedexUITests;
			productReference = 954442952A12247B002D9C3C /* PokedexUITests.xctest */;
			productType = "com.apple.product-type.bundle.ui-testing";
		};
/* End PBXNativeTarget section */

/* Begin PBXProject section */
		954442732A12247A002D9C3C /* Project object */ = {
			isa = PBXProject;
			attributes = {
				BuildIndependentTargetsInParallel = 1;
				LastSwiftUpdateCheck = 1430;
				LastUpgradeCheck = 1430;
				TargetAttributes = {
					9544427A2A12247A002D9C3C = {
						CreatedOnToolsVersion = 14.3;
					};
					9544428A2A12247B002D9C3C = {
						CreatedOnToolsVersion = 14.3;
						TestTargetID = 9544427A2A12247A002D9C3C;
					};
					954442942A12247B002D9C3C = {
						CreatedOnToolsVersion = 14.3;
						TestTargetID = 9544427A2A12247A002D9C3C;
					};
				};
			};
			buildConfigurationList = 954442762A12247A002D9C3C /* Build configuration list for PBXProject "Pokedex" */;
			compatibilityVersion = "Xcode 14.0";
			developmentRegion = en;
			hasScannedForEncodings = 0;
			knownRegions = (
				en,
				Base,
			);
			mainGroup = 954442722A12247A002D9C3C;
			packageReferences = (
				95AEE3EE2A122B7A00BE1A17 /* XCRemoteSwiftPackageReference "PokemonAPI" */,
			);
			productRefGroup = 9544427C2A12247A002D9C3C /* Products */;
			projectDirPath = "";
			projectRoot = "";
			targets = (
				9544427A2A12247A002D9C3C /* Pokedex */,
				9544428A2A12247B002D9C3C /* PokedexTests */,
				954442942A12247B002D9C3C /* PokedexUITests */,
			);
		};
/* End PBXProject section */

/* Begin PBXResourcesBuildPhase section */
		954442792A12247A002D9C3C /* Resources */ = {
			isa = PBXResourcesBuildPhase;
			buildActionMask = 2147483647;
			files = (
				954442862A12247B002D9C3C /* Preview Assets.xcassets in Resources */,
				954442832A12247B002D9C3C /* Assets.xcassets in Resources */,
				95AEE3FA2A122D0E00BE1A17 /* pokemon607.json in Resources */,
				95AEE4042A124BC800BE1A17 /* evolution_chain308.json in Resources */,
			);
			runOnlyForDeploymentPostprocessing = 0;
		};
		954442892A12247B002D9C3C /* Resources */ = {
			isa = PBXResourcesBuildPhase;
			buildActionMask = 2147483647;
			files = (
			);
			runOnlyForDeploymentPostprocessing = 0;
		};
		954442932A12247B002D9C3C /* Resources */ = {
			isa = PBXResourcesBuildPhase;
			buildActionMask = 2147483647;
			files = (
			);
			runOnlyForDeploymentPostprocessing = 0;
		};
/* End PBXResourcesBuildPhase section */

/* Begin PBXSourcesBuildPhase section */
		954442772A12247A002D9C3C /* Sources */ = {
			isa = PBXSourcesBuildPhase;
			buildActionMask = 2147483647;
			files = (
				95AEE3FC2A122E8000BE1A17 /* EvolutionChainView.swift in Sources */,
				95AEE3FE2A122EB500BE1A17 /* EvolutionChainViewModel.swift in Sources */,
				95AEE3F52A122C9500BE1A17 /* PreviewData.swift in Sources */,
				95AEE3F32A122BED00BE1A17 /* RandomPokemonViewModel.swift in Sources */,
				95AEE4002A123A3F00BE1A17 /* URL-ID.swift in Sources */,
				95AEE3F82A122CE200BE1A17 /* Bundle-JSON.swift in Sources */,
				9544427F2A12247A002D9C3C /* PokedexApp.swift in Sources */,
				95AEE4022A123B5D00BE1A17 /* EvolutionChainLinkViewModel.swift in Sources */,
				95AEE4062A124F4100BE1A17 /* EvolutionChainLinkView.swift in Sources */,
				95AEE3ED2A122B6200BE1A17 /* RandomPokemonView.swift in Sources */,
			);
			runOnlyForDeploymentPostprocessing = 0;
		};
		954442872A12247B002D9C3C /* Sources */ = {
			isa = PBXSourcesBuildPhase;
			buildActionMask = 2147483647;
			files = (
				954442902A12247B002D9C3C /* PokedexTests.swift in Sources */,
			);
			runOnlyForDeploymentPostprocessing = 0;
		};
		954442912A12247B002D9C3C /* Sources */ = {
			isa = PBXSourcesBuildPhase;
			buildActionMask = 2147483647;
			files = (
				9544429A2A12247B002D9C3C /* PokedexUITests.swift in Sources */,
				9544429C2A12247B002D9C3C /* PokedexUITestsLaunchTests.swift in Sources */,
			);
			runOnlyForDeploymentPostprocessing = 0;
		};
/* End PBXSourcesBuildPhase section */

/* Begin PBXTargetDependency section */
		9544428D2A12247B002D9C3C /* PBXTargetDependency */ = {
			isa = PBXTargetDependency;
			target = 9544427A2A12247A002D9C3C /* Pokedex */;
			targetProxy = 9544428C2A12247B002D9C3C /* PBXContainerItemProxy */;
		};
		954442972A12247B002D9C3C /* PBXTargetDependency */ = {
			isa = PBXTargetDependency;
			target = 9544427A2A12247A002D9C3C /* Pokedex */;
			targetProxy = 954442962A12247B002D9C3C /* PBXContainerItemProxy */;
		};
/* End PBXTargetDependency section */

/* Begin XCBuildConfiguration section */
		9544429D2A12247B002D9C3C /* Debug */ = {
			isa = XCBuildConfiguration;
			buildSettings = {
				ALWAYS_SEARCH_USER_PATHS = NO;
				CLANG_ANALYZER_NONNULL = YES;
				CLANG_ANALYZER_NUMBER_OBJECT_CONVERSION = YES_AGGRESSIVE;
				CLANG_CXX_LANGUAGE_STANDARD = "gnu++20";
				CLANG_ENABLE_MODULES = YES;
				CLANG_ENABLE_OBJC_ARC = YES;
				CLANG_ENABLE_OBJC_WEAK = YES;
				CLANG_WARN_BLOCK_CAPTURE_AUTORELEASING = YES;
				CLANG_WARN_BOOL_CONVERSION = YES;
				CLANG_WARN_COMMA = YES;
				CLANG_WARN_CONSTANT_CONVERSION = YES;
				CLANG_WARN_DEPRECATED_OBJC_IMPLEMENTATIONS = YES;
				CLANG_WARN_DIRECT_OBJC_ISA_USAGE = YES_ERROR;
				CLANG_WARN_DOCUMENTATION_COMMENTS = YES;
				CLANG_WARN_EMPTY_BODY = YES;
				CLANG_WARN_ENUM_CONVERSION = YES;
				CLANG_WARN_INFINITE_RECURSION = YES;
				CLANG_WARN_INT_CONVERSION = YES;
				CLANG_WARN_NON_LITERAL_NULL_CONVERSION = YES;
				CLANG_WARN_OBJC_IMPLICIT_RETAIN_SELF = YES;
				CLANG_WARN_OBJC_LITERAL_CONVERSION = YES;
				CLANG_WARN_OBJC_ROOT_CLASS = YES_ERROR;
				CLANG_WARN_QUOTED_INCLUDE_IN_FRAMEWORK_HEADER = YES;
				CLANG_WARN_RANGE_LOOP_ANALYSIS = YES;
				CLANG_WARN_STRICT_PROTOTYPES = YES;
				CLANG_WARN_SUSPICIOUS_MOVE = YES;
				CLANG_WARN_UNGUARDED_AVAILABILITY = YES_AGGRESSIVE;
				CLANG_WARN_UNREACHABLE_CODE = YES;
				CLANG_WARN__DUPLICATE_METHOD_MATCH = YES;
				COPY_PHASE_STRIP = NO;
				DEBUG_INFORMATION_FORMAT = dwarf;
				ENABLE_STRICT_OBJC_MSGSEND = YES;
				ENABLE_TESTABILITY = YES;
				GCC_C_LANGUAGE_STANDARD = gnu11;
				GCC_DYNAMIC_NO_PIC = NO;
				GCC_NO_COMMON_BLOCKS = YES;
				GCC_OPTIMIZATION_LEVEL = 0;
				GCC_PREPROCESSOR_DEFINITIONS = (
					"DEBUG=1",
					"$(inherited)",
				);
				GCC_WARN_64_TO_32_BIT_CONVERSION = YES;
				GCC_WARN_ABOUT_RETURN_TYPE = YES_ERROR;
				GCC_WARN_UNDECLARED_SELECTOR = YES;
				GCC_WARN_UNINITIALIZED_AUTOS = YES_AGGRESSIVE;
				GCC_WARN_UNUSED_FUNCTION = YES;
				GCC_WARN_UNUSED_VARIABLE = YES;
				IPHONEOS_DEPLOYMENT_TARGET = 16.4;
				MTL_ENABLE_DEBUG_INFO = INCLUDE_SOURCE;
				MTL_FAST_MATH = YES;
				ONLY_ACTIVE_ARCH = YES;
				SDKROOT = iphoneos;
				SWIFT_ACTIVE_COMPILATION_CONDITIONS = DEBUG;
				SWIFT_OPTIMIZATION_LEVEL = "-Onone";
			};
			name = Debug;
		};
		9544429E2A12247B002D9C3C /* Release */ = {
			isa = XCBuildConfiguration;
			buildSettings = {
				ALWAYS_SEARCH_USER_PATHS = NO;
				CLANG_ANALYZER_NONNULL = YES;
				CLANG_ANALYZER_NUMBER_OBJECT_CONVERSION = YES_AGGRESSIVE;
				CLANG_CXX_LANGUAGE_STANDARD = "gnu++20";
				CLANG_ENABLE_MODULES = YES;
				CLANG_ENABLE_OBJC_ARC = YES;
				CLANG_ENABLE_OBJC_WEAK = YES;
				CLANG_WARN_BLOCK_CAPTURE_AUTORELEASING = YES;
				CLANG_WARN_BOOL_CONVERSION = YES;
				CLANG_WARN_COMMA = YES;
				CLANG_WARN_CONSTANT_CONVERSION = YES;
				CLANG_WARN_DEPRECATED_OBJC_IMPLEMENTATIONS = YES;
				CLANG_WARN_DIRECT_OBJC_ISA_USAGE = YES_ERROR;
				CLANG_WARN_DOCUMENTATION_COMMENTS = YES;
				CLANG_WARN_EMPTY_BODY = YES;
				CLANG_WARN_ENUM_CONVERSION = YES;
				CLANG_WARN_INFINITE_RECURSION = YES;
				CLANG_WARN_INT_CONVERSION = YES;
				CLANG_WARN_NON_LITERAL_NULL_CONVERSION = YES;
				CLANG_WARN_OBJC_IMPLICIT_RETAIN_SELF = YES;
				CLANG_WARN_OBJC_LITERAL_CONVERSION = YES;
				CLANG_WARN_OBJC_ROOT_CLASS = YES_ERROR;
				CLANG_WARN_QUOTED_INCLUDE_IN_FRAMEWORK_HEADER = YES;
				CLANG_WARN_RANGE_LOOP_ANALYSIS = YES;
				CLANG_WARN_STRICT_PROTOTYPES = YES;
				CLANG_WARN_SUSPICIOUS_MOVE = YES;
				CLANG_WARN_UNGUARDED_AVAILABILITY = YES_AGGRESSIVE;
				CLANG_WARN_UNREACHABLE_CODE = YES;
				CLANG_WARN__DUPLICATE_METHOD_MATCH = YES;
				COPY_PHASE_STRIP = NO;
				DEBUG_INFORMATION_FORMAT = "dwarf-with-dsym";
				ENABLE_NS_ASSERTIONS = NO;
				ENABLE_STRICT_OBJC_MSGSEND = YES;
				GCC_C_LANGUAGE_STANDARD = gnu11;
				GCC_NO_COMMON_BLOCKS = YES;
				GCC_WARN_64_TO_32_BIT_CONVERSION = YES;
				GCC_WARN_ABOUT_RETURN_TYPE = YES_ERROR;
				GCC_WARN_UNDECLARED_SELECTOR = YES;
				GCC_WARN_UNINITIALIZED_AUTOS = YES_AGGRESSIVE;
				GCC_WARN_UNUSED_FUNCTION = YES;
				GCC_WARN_UNUSED_VARIABLE = YES;
				IPHONEOS_DEPLOYMENT_TARGET = 16.4;
				MTL_ENABLE_DEBUG_INFO = NO;
				MTL_FAST_MATH = YES;
				SDKROOT = iphoneos;
				SWIFT_COMPILATION_MODE = wholemodule;
				SWIFT_OPTIMIZATION_LEVEL = "-O";
				VALIDATE_PRODUCT = YES;
			};
			name = Release;
		};
		954442A02A12247B002D9C3C /* Debug */ = {
			isa = XCBuildConfiguration;
			buildSettings = {
				ASSETCATALOG_COMPILER_APPICON_NAME = AppIcon;
				ASSETCATALOG_COMPILER_GLOBAL_ACCENT_COLOR_NAME = AccentColor;
				CODE_SIGN_STYLE = Automatic;
				CURRENT_PROJECT_VERSION = 1;
				DEVELOPMENT_ASSET_PATHS = "\"Pokedex/Preview Content\"";
				DEVELOPMENT_TEAM = 5BQNE53G5V;
				ENABLE_PREVIEWS = YES;
				GENERATE_INFOPLIST_FILE = YES;
				INFOPLIST_KEY_UIApplicationSceneManifest_Generation = YES;
				INFOPLIST_KEY_UIApplicationSupportsIndirectInputEvents = YES;
				INFOPLIST_KEY_UILaunchScreen_Generation = YES;
				INFOPLIST_KEY_UISupportedInterfaceOrientations_iPad = "UIInterfaceOrientationPortrait UIInterfaceOrientationPortraitUpsideDown UIInterfaceOrientationLandscapeLeft UIInterfaceOrientationLandscapeRight";
				INFOPLIST_KEY_UISupportedInterfaceOrientations_iPhone = "UIInterfaceOrientationPortrait UIInterfaceOrientationLandscapeLeft UIInterfaceOrientationLandscapeRight";
				LD_RUNPATH_SEARCH_PATHS = (
					"$(inherited)",
					"@executable_path/Frameworks",
				);
				MARKETING_VERSION = 1.0;
				PRODUCT_BUNDLE_IDENTIFIER = com.SS.Pokedex;
				PRODUCT_NAME = "$(TARGET_NAME)";
				SWIFT_EMIT_LOC_STRINGS = YES;
				SWIFT_VERSION = 5.0;
				TARGETED_DEVICE_FAMILY = "1,2";
			};
			name = Debug;
		};
		954442A12A12247B002D9C3C /* Release */ = {
			isa = XCBuildConfiguration;
			buildSettings = {
				ASSETCATALOG_COMPILER_APPICON_NAME = AppIcon;
				ASSETCATALOG_COMPILER_GLOBAL_ACCENT_COLOR_NAME = AccentColor;
				CODE_SIGN_STYLE = Automatic;
				CURRENT_PROJECT_VERSION = 1;
				DEVELOPMENT_ASSET_PATHS = "\"Pokedex/Preview Content\"";
				DEVELOPMENT_TEAM = 5BQNE53G5V;
				ENABLE_PREVIEWS = YES;
				GENERATE_INFOPLIST_FILE = YES;
				INFOPLIST_KEY_UIApplicationSceneManifest_Generation = YES;
				INFOPLIST_KEY_UIApplicationSupportsIndirectInputEvents = YES;
				INFOPLIST_KEY_UILaunchScreen_Generation = YES;
				INFOPLIST_KEY_UISupportedInterfaceOrientations_iPad = "UIInterfaceOrientationPortrait UIInterfaceOrientationPortraitUpsideDown UIInterfaceOrientationLandscapeLeft UIInterfaceOrientationLandscapeRight";
				INFOPLIST_KEY_UISupportedInterfaceOrientations_iPhone = "UIInterfaceOrientationPortrait UIInterfaceOrientationLandscapeLeft UIInterfaceOrientationLandscapeRight";
				LD_RUNPATH_SEARCH_PATHS = (
					"$(inherited)",
					"@executable_path/Frameworks",
				);
				MARKETING_VERSION = 1.0;
				PRODUCT_BUNDLE_IDENTIFIER = com.SS.Pokedex;
				PRODUCT_NAME = "$(TARGET_NAME)";
				SWIFT_EMIT_LOC_STRINGS = YES;
				SWIFT_VERSION = 5.0;
				TARGETED_DEVICE_FAMILY = "1,2";
			};
			name = Release;
		};
		954442A32A12247B002D9C3C /* Debug */ = {
			isa = XCBuildConfiguration;
			buildSettings = {
				ALWAYS_EMBED_SWIFT_STANDARD_LIBRARIES = YES;
				BUNDLE_LOADER = "$(TEST_HOST)";
				CODE_SIGN_STYLE = Automatic;
				CURRENT_PROJECT_VERSION = 1;
				DEVELOPMENT_TEAM = 5BQNE53G5V;
				GENERATE_INFOPLIST_FILE = YES;
				IPHONEOS_DEPLOYMENT_TARGET = 16.4;
				MARKETING_VERSION = 1.0;
				PRODUCT_BUNDLE_IDENTIFIER = com.SS.PokedexTests;
				PRODUCT_NAME = "$(TARGET_NAME)";
				SWIFT_EMIT_LOC_STRINGS = NO;
				SWIFT_VERSION = 5.0;
				TARGETED_DEVICE_FAMILY = "1,2";
				TEST_HOST = "$(BUILT_PRODUCTS_DIR)/Pokedex.app/$(BUNDLE_EXECUTABLE_FOLDER_PATH)/Pokedex";
			};
			name = Debug;
		};
		954442A42A12247B002D9C3C /* Release */ = {
			isa = XCBuildConfiguration;
			buildSettings = {
				ALWAYS_EMBED_SWIFT_STANDARD_LIBRARIES = YES;
				BUNDLE_LOADER = "$(TEST_HOST)";
				CODE_SIGN_STYLE = Automatic;
				CURRENT_PROJECT_VERSION = 1;
				DEVELOPMENT_TEAM = 5BQNE53G5V;
				GENERATE_INFOPLIST_FILE = YES;
				IPHONEOS_DEPLOYMENT_TARGET = 16.4;
				MARKETING_VERSION = 1.0;
				PRODUCT_BUNDLE_IDENTIFIER = com.SS.PokedexTests;
				PRODUCT_NAME = "$(TARGET_NAME)";
				SWIFT_EMIT_LOC_STRINGS = NO;
				SWIFT_VERSION = 5.0;
				TARGETED_DEVICE_FAMILY = "1,2";
				TEST_HOST = "$(BUILT_PRODUCTS_DIR)/Pokedex.app/$(BUNDLE_EXECUTABLE_FOLDER_PATH)/Pokedex";
			};
			name = Release;
		};
		954442A62A12247B002D9C3C /* Debug */ = {
			isa = XCBuildConfiguration;
			buildSettings = {
				ALWAYS_EMBED_SWIFT_STANDARD_LIBRARIES = YES;
				CODE_SIGN_STYLE = Automatic;
				CURRENT_PROJECT_VERSION = 1;
				DEVELOPMENT_TEAM = 5BQNE53G5V;
				GENERATE_INFOPLIST_FILE = YES;
				MARKETING_VERSION = 1.0;
				PRODUCT_BUNDLE_IDENTIFIER = com.SS.PokedexUITests;
				PRODUCT_NAME = "$(TARGET_NAME)";
				SWIFT_EMIT_LOC_STRINGS = NO;
				SWIFT_VERSION = 5.0;
				TARGETED_DEVICE_FAMILY = "1,2";
				TEST_TARGET_NAME = Pokedex;
			};
			name = Debug;
		};
		954442A72A12247B002D9C3C /* Release */ = {
			isa = XCBuildConfiguration;
			buildSettings = {
				ALWAYS_EMBED_SWIFT_STANDARD_LIBRARIES = YES;
				CODE_SIGN_STYLE = Automatic;
				CURRENT_PROJECT_VERSION = 1;
				DEVELOPMENT_TEAM = 5BQNE53G5V;
				GENERATE_INFOPLIST_FILE = YES;
				MARKETING_VERSION = 1.0;
				PRODUCT_BUNDLE_IDENTIFIER = com.SS.PokedexUITests;
				PRODUCT_NAME = "$(TARGET_NAME)";
				SWIFT_EMIT_LOC_STRINGS = NO;
				SWIFT_VERSION = 5.0;
				TARGETED_DEVICE_FAMILY = "1,2";
				TEST_TARGET_NAME = Pokedex;
			};
			name = Release;
		};
/* End XCBuildConfiguration section */

/* Begin XCConfigurationList section */
		954442762A12247A002D9C3C /* Build configuration list for PBXProject "Pokedex" */ = {
			isa = XCConfigurationList;
			buildConfigurations = (
				9544429D2A12247B002D9C3C /* Debug */,
				9544429E2A12247B002D9C3C /* Release */,
			);
			defaultConfigurationIsVisible = 0;
			defaultConfigurationName = Release;
		};
		9544429F2A12247B002D9C3C /* Build configuration list for PBXNativeTarget "Pokedex" */ = {
			isa = XCConfigurationList;
			buildConfigurations = (
				954442A02A12247B002D9C3C /* Debug */,
				954442A12A12247B002D9C3C /* Release */,
			);
			defaultConfigurationIsVisible = 0;
			defaultConfigurationName = Release;
		};
		954442A22A12247B002D9C3C /* Build configuration list for PBXNativeTarget "PokedexTests" */ = {
			isa = XCConfigurationList;
			buildConfigurations = (
				954442A32A12247B002D9C3C /* Debug */,
				954442A42A12247B002D9C3C /* Release */,
			);
			defaultConfigurationIsVisible = 0;
			defaultConfigurationName = Release;
		};
		954442A52A12247B002D9C3C /* Build configuration list for PBXNativeTarget "PokedexUITests" */ = {
			isa = XCConfigurationList;
			buildConfigurations = (
				954442A62A12247B002D9C3C /* Debug */,
				954442A72A12247B002D9C3C /* Release */,
			);
			defaultConfigurationIsVisible = 0;
			defaultConfigurationName = Release;
		};
/* End XCConfigurationList section */

/* Begin XCRemoteSwiftPackageReference section */
		95AEE3EE2A122B7A00BE1A17 /* XCRemoteSwiftPackageReference "PokemonAPI" */ = {
			isa = XCRemoteSwiftPackageReference;
			repositoryURL = "https://github.com/kinkofer/PokemonAPI";
			requirement = {
				kind = upToNextMajorVersion;
				minimumVersion = 6.0.0;
			};
		};
/* End XCRemoteSwiftPackageReference section */

/* Begin XCSwiftPackageProductDependency section */
		95AEE3EF2A122B7A00BE1A17 /* PokemonAPI */ = {
			isa = XCSwiftPackageProductDependency;
			package = 95AEE3EE2A122B7A00BE1A17 /* XCRemoteSwiftPackageReference "PokemonAPI" */;
			productName = PokemonAPI;
		};
/* End XCSwiftPackageProductDependency section */
	};
	rootObject = 954442732A12247A002D9C3C /* Project object */;
}
